
Microsoft Visual Studio Solution File, Format Version 12.00
# Visual Studio 15
VisualStudioVersion = 15.0.27130.2036
MinimumVisualStudioVersion = 10.0.40219.1
Project("{FAE04EC0-301F-11D3-BF4B-00C04F79EFBC}") = "ContactsXamarin.Android", "ContactsXamarin\ContactsXamarin.Android\ContactsXamarin.Android.csproj", "{4462A11B-7E49-45B4-975D-CE501414EC93}"
EndProject
Project("{FAE04EC0-301F-11D3-BF4B-00C04F79EFBC}") = "ContactsXamarin.iOS", "ContactsXamarin\ContactsXamarin.iOS\ContactsXamarin.iOS.csproj", "{07F813B6-E7FD-4928-A2A7-EA342D176509}"
EndProject
Project("{FAE04EC0-301F-11D3-BF4B-00C04F79EFBC}") = "ContactsXamarin.UWP", "ContactsXamarin\ContactsXamarin.UWP\ContactsXamarin.UWP.csproj", "{3C9D92DC-96FF-49B6-A0E3-2BDEAE8350EA}"
EndProject
Project("{D954291E-2A0B-460D-934E-DC6B0785DB48}") = "ContactsXamarin", "ContactsXamarin\ContactsXamarin\ContactsXamarin.shproj", "{AF9A3057-245A-455D-9F3C-AFF2BF39606D}"
EndProject
Project("{FAE04EC0-301F-11D3-BF4B-00C04F79EFBC}") = "ContactsXamarin.Server", "ContactsXamarin.Server\ContactsXamarin.Server.csproj", "{1B022806-AC5B-4913-83A2-89818BAA871E}"
EndProject
Global
	GlobalSection(SharedMSBuildProjectFiles) = preSolution
		ContactsXamarin\ContactsXamarin\ContactsXamarin.projitems*{07f813b6-e7fd-4928-a2a7-ea342d176509}*SharedItemsImports = 4
		ContactsXamarin\ContactsXamarin\ContactsXamarin.projitems*{3c9d92dc-96ff-49b6-a0e3-2bdeae8350ea}*SharedItemsImports = 4
		ContactsXamarin\ContactsXamarin\ContactsXamarin.projitems*{4462a11b-7e49-45b4-975d-ce501414ec93}*SharedItemsImports = 4
		ContactsXamarin\ContactsXamarin\ContactsXamarin.projitems*{af9a3057-245a-455d-9f3c-aff2bf39606d}*SharedItemsImports = 13
	EndGlobalSection
	GlobalSection(SolutionConfigurationPlatforms) = preSolution
		Ad-Hoc|Any CPU = Ad-Hoc|Any CPU
		Ad-Hoc|ARM = Ad-Hoc|ARM
		Ad-Hoc|iPhone = Ad-Hoc|iPhone
		Ad-Hoc|iPhoneSimulator = Ad-Hoc|iPhoneSimulator
		Ad-Hoc|x64 = Ad-Hoc|x64
		Ad-Hoc|x86 = Ad-Hoc|x86
		AppStore|Any CPU = AppStore|Any CPU
		AppStore|ARM = AppStore|ARM
		AppStore|iPhone = AppStore|iPhone
		AppStore|iPhoneSimulator = AppStore|iPhoneSimulator
		AppStore|x64 = AppStore|x64
		AppStore|x86 = AppStore|x86
		Debug|Any CPU = Debug|Any CPU
		Debug|ARM = Debug|ARM
		Debug|iPhone = Debug|iPhone
		Debug|iPhoneSimulator = Debug|iPhoneSimulator
		Debug|x64 = Debug|x64
		Debug|x86 = Debug|x86
		Release|Any CPU = Release|Any CPU
		Release|ARM = Release|ARM
		Release|iPhone = Release|iPhone
		Release|iPhoneSimulator = Release|iPhoneSimulator
		Release|x64 = Release|x64
		Release|x86 = Release|x86
	EndGlobalSection
	GlobalSection(ProjectConfigurationPlatforms) = postSolution
		{4462A11B-7E49-45B4-975D-CE501414EC93}.Ad-Hoc|Any CPU.ActiveCfg = Release|Any CPU
		{4462A11B-7E49-45B4-975D-CE501414EC93}.Ad-Hoc|Any CPU.Build.0 = Release|Any CPU
		{4462A11B-7E49-45B4-975D-CE501414EC93}.Ad-Hoc|Any CPU.Deploy.0 = Release|Any CPU
		{4462A11B-7E49-45B4-975D-CE501414EC93}.Ad-Hoc|ARM.ActiveCfg = Release|Any CPU
		{4462A11B-7E49-45B4-975D-CE501414EC93}.Ad-Hoc|ARM.Build.0 = Release|Any CPU
		{4462A11B-7E49-45B4-975D-CE501414EC93}.Ad-Hoc|ARM.Deploy.0 = Release|Any CPU
		{4462A11B-7E49-45B4-975D-CE501414EC93}.Ad-Hoc|iPhone.ActiveCfg = Release|Any CPU
		{4462A11B-7E49-45B4-975D-CE501414EC93}.Ad-Hoc|iPhone.Build.0 = Release|Any CPU
		{4462A11B-7E49-45B4-975D-CE501414EC93}.Ad-Hoc|iPhone.Deploy.0 = Release|Any CPU
		{4462A11B-7E49-45B4-975D-CE501414EC93}.Ad-Hoc|iPhoneSimulator.ActiveCfg = Release|Any CPU
		{4462A11B-7E49-45B4-975D-CE501414EC93}.Ad-Hoc|iPhoneSimulator.Build.0 = Release|Any CPU
		{4462A11B-7E49-45B4-975D-CE501414EC93}.Ad-Hoc|iPhoneSimulator.Deploy.0 = Release|Any CPU
		{4462A11B-7E49-45B4-975D-CE501414EC93}.Ad-Hoc|x64.ActiveCfg = Release|Any CPU
		{4462A11B-7E49-45B4-975D-CE501414EC93}.Ad-Hoc|x64.Build.0 = Release|Any CPU
		{4462A11B-7E49-45B4-975D-CE501414EC93}.Ad-Hoc|x64.Deploy.0 = Release|Any CPU
		{4462A11B-7E49-45B4-975D-CE501414EC93}.Ad-Hoc|x86.ActiveCfg = Release|Any CPU
		{4462A11B-7E49-45B4-975D-CE501414EC93}.Ad-Hoc|x86.Build.0 = Release|Any CPU
		{4462A11B-7E49-45B4-975D-CE501414EC93}.Ad-Hoc|x86.Deploy.0 = Release|Any CPU
		{4462A11B-7E49-45B4-975D-CE501414EC93}.AppStore|Any CPU.ActiveCfg = Release|Any CPU
		{4462A11B-7E49-45B4-975D-CE501414EC93}.AppStore|Any CPU.Build.0 = Release|Any CPU
		{4462A11B-7E49-45B4-975D-CE501414EC93}.AppStore|Any CPU.Deploy.0 = Release|Any CPU
		{4462A11B-7E49-45B4-975D-CE501414EC93}.AppStore|ARM.ActiveCfg = Release|Any CPU
		{4462A11B-7E49-45B4-975D-CE501414EC93}.AppStore|ARM.Build.0 = Release|Any CPU
		{4462A11B-7E49-45B4-975D-CE501414EC93}.AppStore|ARM.Deploy.0 = Release|Any CPU
		{4462A11B-7E49-45B4-975D-CE501414EC93}.AppStore|iPhone.ActiveCfg = Release|Any CPU
		{4462A11B-7E49-45B4-975D-CE501414EC93}.AppStore|iPhone.Build.0 = Release|Any CPU
		{4462A11B-7E49-45B4-975D-CE501414EC93}.AppStore|iPhone.Deploy.0 = Release|Any CPU
		{4462A11B-7E49-45B4-975D-CE501414EC93}.AppStore|iPhoneSimulator.ActiveCfg = Release|Any CPU
		{4462A11B-7E49-45B4-975D-CE501414EC93}.AppStore|iPhoneSimulator.Build.0 = Release|Any CPU
		{4462A11B-7E49-45B4-975D-CE501414EC93}.AppStore|iPhoneSimulator.Deploy.0 = Release|Any CPU
		{4462A11B-7E49-45B4-975D-CE501414EC93}.AppStore|x64.ActiveCfg = Release|Any CPU
		{4462A11B-7E49-45B4-975D-CE501414EC93}.AppStore|x64.Build.0 = Release|Any CPU
		{4462A11B-7E49-45B4-975D-CE501414EC93}.AppStore|x64.Deploy.0 = Release|Any CPU
		{4462A11B-7E49-45B4-975D-CE501414EC93}.AppStore|x86.ActiveCfg = Release|Any CPU
		{4462A11B-7E49-45B4-975D-CE501414EC93}.AppStore|x86.Build.0 = Release|Any CPU
		{4462A11B-7E49-45B4-975D-CE501414EC93}.AppStore|x86.Deploy.0 = Release|Any CPU
		{4462A11B-7E49-45B4-975D-CE501414EC93}.Debug|Any CPU.ActiveCfg = Debug|Any CPU
		{4462A11B-7E49-45B4-975D-CE501414EC93}.Debug|Any CPU.Build.0 = Debug|Any CPU
		{4462A11B-7E49-45B4-975D-CE501414EC93}.Debug|Any CPU.Deploy.0 = Debug|Any CPU
		{4462A11B-7E49-45B4-975D-CE501414EC93}.Debug|ARM.ActiveCfg = Debug|Any CPU
		{4462A11B-7E49-45B4-975D-CE501414EC93}.Debug|ARM.Build.0 = Debug|Any CPU
		{4462A11B-7E49-45B4-975D-CE501414EC93}.Debug|ARM.Deploy.0 = Debug|Any CPU
		{4462A11B-7E49-45B4-975D-CE501414EC93}.Debug|iPhone.ActiveCfg = Debug|Any CPU
		{4462A11B-7E49-45B4-975D-CE501414EC93}.Debug|iPhone.Build.0 = Debug|Any CPU
		{4462A11B-7E49-45B4-975D-CE501414EC93}.Debug|iPhone.Deploy.0 = Debug|Any CPU
		{4462A11B-7E49-45B4-975D-CE501414EC93}.Debug|iPhoneSimulator.ActiveCfg = Debug|Any CPU
		{4462A11B-7E49-45B4-975D-CE501414EC93}.Debug|iPhoneSimulator.Build.0 = Debug|Any CPU
		{4462A11B-7E49-45B4-975D-CE501414EC93}.Debug|iPhoneSimulator.Deploy.0 = Debug|Any CPU
		{4462A11B-7E49-45B4-975D-CE501414EC93}.Debug|x64.ActiveCfg = Debug|Any CPU
		{4462A11B-7E49-45B4-975D-CE501414EC93}.Debug|x64.Build.0 = Debug|Any CPU
		{4462A11B-7E49-45B4-975D-CE501414EC93}.Debug|x64.Deploy.0 = Debug|Any CPU
		{4462A11B-7E49-45B4-975D-CE501414EC93}.Debug|x86.ActiveCfg = Debug|Any CPU
		{4462A11B-7E49-45B4-975D-CE501414EC93}.Debug|x86.Build.0 = Debug|Any CPU
		{4462A11B-7E49-45B4-975D-CE501414EC93}.Debug|x86.Deploy.0 = Debug|Any CPU
		{4462A11B-7E49-45B4-975D-CE501414EC93}.Release|Any CPU.ActiveCfg = Release|Any CPU
		{4462A11B-7E49-45B4-975D-CE501414EC93}.Release|Any CPU.Build.0 = Release|Any CPU
		{4462A11B-7E49-45B4-975D-CE501414EC93}.Release|Any CPU.Deploy.0 = Release|Any CPU
		{4462A11B-7E49-45B4-975D-CE501414EC93}.Release|ARM.ActiveCfg = Release|Any CPU
		{4462A11B-7E49-45B4-975D-CE501414EC93}.Release|ARM.Build.0 = Release|Any CPU
		{4462A11B-7E49-45B4-975D-CE501414EC93}.Release|ARM.Deploy.0 = Release|Any CPU
		{4462A11B-7E49-45B4-975D-CE501414EC93}.Release|iPhone.ActiveCfg = Release|Any CPU
		{4462A11B-7E49-45B4-975D-CE501414EC93}.Release|iPhone.Build.0 = Release|Any CPU
		{4462A11B-7E49-45B4-975D-CE501414EC93}.Release|iPhone.Deploy.0 = Release|Any CPU
		{4462A11B-7E49-45B4-975D-CE501414EC93}.Release|iPhoneSimulator.ActiveCfg = Release|Any CPU
		{4462A11B-7E49-45B4-975D-CE501414EC93}.Release|iPhoneSimulator.Build.0 = Release|Any CPU
		{4462A11B-7E49-45B4-975D-CE501414EC93}.Release|iPhoneSimulator.Deploy.0 = Release|Any CPU
		{4462A11B-7E49-45B4-975D-CE501414EC93}.Release|x64.ActiveCfg = Release|Any CPU
		{4462A11B-7E49-45B4-975D-CE501414EC93}.Release|x64.Build.0 = Release|Any CPU
		{4462A11B-7E49-45B4-975D-CE501414EC93}.Release|x64.Deploy.0 = Release|Any CPU
		{4462A11B-7E49-45B4-975D-CE501414EC93}.Release|x86.ActiveCfg = Release|Any CPU
		{4462A11B-7E49-45B4-975D-CE501414EC93}.Release|x86.Build.0 = Release|Any CPU
		{4462A11B-7E49-45B4-975D-CE501414EC93}.Release|x86.Deploy.0 = Release|Any CPU
		{07F813B6-E7FD-4928-A2A7-EA342D176509}.Ad-Hoc|Any CPU.ActiveCfg = Ad-Hoc|iPhone
		{07F813B6-E7FD-4928-A2A7-EA342D176509}.Ad-Hoc|ARM.ActiveCfg = Ad-Hoc|iPhone
		{07F813B6-E7FD-4928-A2A7-EA342D176509}.Ad-Hoc|iPhone.ActiveCfg = Ad-Hoc|iPhone
		{07F813B6-E7FD-4928-A2A7-EA342D176509}.Ad-Hoc|iPhone.Build.0 = Ad-Hoc|iPhone
		{07F813B6-E7FD-4928-A2A7-EA342D176509}.Ad-Hoc|iPhoneSimulator.ActiveCfg = Ad-Hoc|iPhoneSimulator
		{07F813B6-E7FD-4928-A2A7-EA342D176509}.Ad-Hoc|iPhoneSimulator.Build.0 = Ad-Hoc|iPhoneSimulator
		{07F813B6-E7FD-4928-A2A7-EA342D176509}.Ad-Hoc|x64.ActiveCfg = Ad-Hoc|iPhone
		{07F813B6-E7FD-4928-A2A7-EA342D176509}.Ad-Hoc|x86.ActiveCfg = Ad-Hoc|iPhone
		{07F813B6-E7FD-4928-A2A7-EA342D176509}.AppStore|Any CPU.ActiveCfg = AppStore|iPhone
		{07F813B6-E7FD-4928-A2A7-EA342D176509}.AppStore|ARM.ActiveCfg = AppStore|iPhone
		{07F813B6-E7FD-4928-A2A7-EA342D176509}.AppStore|iPhone.ActiveCfg = AppStore|iPhone
		{07F813B6-E7FD-4928-A2A7-EA342D176509}.AppStore|iPhone.Build.0 = AppStore|iPhone
		{07F813B6-E7FD-4928-A2A7-EA342D176509}.AppStore|iPhoneSimulator.ActiveCfg = AppStore|iPhoneSimulator
		{07F813B6-E7FD-4928-A2A7-EA342D176509}.AppStore|iPhoneSimulator.Build.0 = AppStore|iPhoneSimulator
		{07F813B6-E7FD-4928-A2A7-EA342D176509}.AppStore|x64.ActiveCfg = AppStore|iPhone
		{07F813B6-E7FD-4928-A2A7-EA342D176509}.AppStore|x86.ActiveCfg = AppStore|iPhone
		{07F813B6-E7FD-4928-A2A7-EA342D176509}.Debug|Any CPU.ActiveCfg = Debug|iPhone
		{07F813B6-E7FD-4928-A2A7-EA342D176509}.Debug|ARM.ActiveCfg = Debug|iPhone
		{07F813B6-E7FD-4928-A2A7-EA342D176509}.Debug|iPhone.ActiveCfg = Debug|iPhone
		{07F813B6-E7FD-4928-A2A7-EA342D176509}.Debug|iPhone.Build.0 = Debug|iPhone
		{07F813B6-E7FD-4928-A2A7-EA342D176509}.Debug|iPhoneSimulator.ActiveCfg = Debug|iPhoneSimulator
		{07F813B6-E7FD-4928-A2A7-EA342D176509}.Debug|iPhoneSimulator.Build.0 = Debug|iPhoneSimulator
		{07F813B6-E7FD-4928-A2A7-EA342D176509}.Debug|x64.ActiveCfg = Debug|iPhone
		{07F813B6-E7FD-4928-A2A7-EA342D176509}.Debug|x86.ActiveCfg = Debug|iPhone
		{07F813B6-E7FD-4928-A2A7-EA342D176509}.Release|Any CPU.ActiveCfg = Release|iPhone
		{07F813B6-E7FD-4928-A2A7-EA342D176509}.Release|ARM.ActiveCfg = Release|iPhone
		{07F813B6-E7FD-4928-A2A7-EA342D176509}.Release|iPhone.ActiveCfg = Release|iPhone
		{07F813B6-E7FD-4928-A2A7-EA342D176509}.Release|iPhone.Build.0 = Release|iPhone
		{07F813B6-E7FD-4928-A2A7-EA342D176509}.Release|iPhoneSimulator.ActiveCfg = Release|iPhoneSimulator
		{07F813B6-E7FD-4928-A2A7-EA342D176509}.Release|iPhoneSimulator.Build.0 = Release|iPhoneSimulator
		{07F813B6-E7FD-4928-A2A7-EA342D176509}.Release|x64.ActiveCfg = Release|iPhone
		{07F813B6-E7FD-4928-A2A7-EA342D176509}.Release|x86.ActiveCfg = Release|iPhone
		{3C9D92DC-96FF-49B6-A0E3-2BDEAE8350EA}.Ad-Hoc|Any CPU.ActiveCfg = Release|x86
		{3C9D92DC-96FF-49B6-A0E3-2BDEAE8350EA}.Ad-Hoc|Any CPU.Build.0 = Release|x86
		{3C9D92DC-96FF-49B6-A0E3-2BDEAE8350EA}.Ad-Hoc|Any CPU.Deploy.0 = Release|x86
		{3C9D92DC-96FF-49B6-A0E3-2BDEAE8350EA}.Ad-Hoc|ARM.ActiveCfg = Release|ARM
		{3C9D92DC-96FF-49B6-A0E3-2BDEAE8350EA}.Ad-Hoc|ARM.Build.0 = Release|ARM
		{3C9D92DC-96FF-49B6-A0E3-2BDEAE8350EA}.Ad-Hoc|ARM.Deploy.0 = Release|ARM
		{3C9D92DC-96FF-49B6-A0E3-2BDEAE8350EA}.Ad-Hoc|iPhone.ActiveCfg = Release|x86
		{3C9D92DC-96FF-49B6-A0E3-2BDEAE8350EA}.Ad-Hoc|iPhone.Build.0 = Release|x86
		{3C9D92DC-96FF-49B6-A0E3-2BDEAE8350EA}.Ad-Hoc|iPhone.Deploy.0 = Release|x86
		{3C9D92DC-96FF-49B6-A0E3-2BDEAE8350EA}.Ad-Hoc|iPhoneSimulator.ActiveCfg = Release|x86
		{3C9D92DC-96FF-49B6-A0E3-2BDEAE8350EA}.Ad-Hoc|iPhoneSimulator.Build.0 = Release|x86
		{3C9D92DC-96FF-49B6-A0E3-2BDEAE8350EA}.Ad-Hoc|iPhoneSimulator.Deploy.0 = Release|x86
		{3C9D92DC-96FF-49B6-A0E3-2BDEAE8350EA}.Ad-Hoc|x64.ActiveCfg = Release|x64
		{3C9D92DC-96FF-49B6-A0E3-2BDEAE8350EA}.Ad-Hoc|x64.Build.0 = Release|x64
		{3C9D92DC-96FF-49B6-A0E3-2BDEAE8350EA}.Ad-Hoc|x64.Deploy.0 = Release|x64
		{3C9D92DC-96FF-49B6-A0E3-2BDEAE8350EA}.Ad-Hoc|x86.ActiveCfg = Release|x86
		{3C9D92DC-96FF-49B6-A0E3-2BDEAE8350EA}.Ad-Hoc|x86.Build.0 = Release|x86
		{3C9D92DC-96FF-49B6-A0E3-2BDEAE8350EA}.Ad-Hoc|x86.Deploy.0 = Release|x86
		{3C9D92DC-96FF-49B6-A0E3-2BDEAE8350EA}.AppStore|Any CPU.ActiveCfg = Release|x86
		{3C9D92DC-96FF-49B6-A0E3-2BDEAE8350EA}.AppStore|Any CPU.Build.0 = Release|x86
		{3C9D92DC-96FF-49B6-A0E3-2BDEAE8350EA}.AppStore|Any CPU.Deploy.0 = Release|x86
		{3C9D92DC-96FF-49B6-A0E3-2BDEAE8350EA}.AppStore|ARM.ActiveCfg = Release|ARM
		{3C9D92DC-96FF-49B6-A0E3-2BDEAE8350EA}.AppStore|ARM.Build.0 = Release|ARM
		{3C9D92DC-96FF-49B6-A0E3-2BDEAE8350EA}.AppStore|ARM.Deploy.0 = Release|ARM
		{3C9D92DC-96FF-49B6-A0E3-2BDEAE8350EA}.AppStore|iPhone.ActiveCfg = Release|x86
		{3C9D92DC-96FF-49B6-A0E3-2BDEAE8350EA}.AppStore|iPhone.Build.0 = Release|x86
		{3C9D92DC-96FF-49B6-A0E3-2BDEAE8350EA}.AppStore|iPhone.Deploy.0 = Release|x86
		{3C9D92DC-96FF-49B6-A0E3-2BDEAE8350EA}.AppStore|iPhoneSimulator.ActiveCfg = Release|x86
		{3C9D92DC-96FF-49B6-A0E3-2BDEAE8350EA}.AppStore|iPhoneSimulator.Build.0 = Release|x86
		{3C9D92DC-96FF-49B6-A0E3-2BDEAE8350EA}.AppStore|iPhoneSimulator.Deploy.0 = Release|x86
		{3C9D92DC-96FF-49B6-A0E3-2BDEAE8350EA}.AppStore|x64.ActiveCfg = Release|x64
		{3C9D92DC-96FF-49B6-A0E3-2BDEAE8350EA}.AppStore|x64.Build.0 = Release|x64
		{3C9D92DC-96FF-49B6-A0E3-2BDEAE8350EA}.AppStore|x64.Deploy.0 = Release|x64
		{3C9D92DC-96FF-49B6-A0E3-2BDEAE8350EA}.AppStore|x86.ActiveCfg = Release|x86
		{3C9D92DC-96FF-49B6-A0E3-2BDEAE8350EA}.AppStore|x86.Build.0 = Release|x86
		{3C9D92DC-96FF-49B6-A0E3-2BDEAE8350EA}.AppStore|x86.Deploy.0 = Release|x86
		{3C9D92DC-96FF-49B6-A0E3-2BDEAE8350EA}.Debug|Any CPU.ActiveCfg = Debug|x86
		{3C9D92DC-96FF-49B6-A0E3-2BDEAE8350EA}.Debug|ARM.ActiveCfg = Debug|ARM
		{3C9D92DC-96FF-49B6-A0E3-2BDEAE8350EA}.Debug|ARM.Build.0 = Debug|ARM
		{3C9D92DC-96FF-49B6-A0E3-2BDEAE8350EA}.Debug|ARM.Deploy.0 = Debug|ARM
		{3C9D92DC-96FF-49B6-A0E3-2BDEAE8350EA}.Debug|iPhone.ActiveCfg = Debug|x86
		{3C9D92DC-96FF-49B6-A0E3-2BDEAE8350EA}.Debug|iPhoneSimulator.ActiveCfg = Debug|x86
		{3C9D92DC-96FF-49B6-A0E3-2BDEAE8350EA}.Debug|x64.ActiveCfg = Debug|x64
		{3C9D92DC-96FF-49B6-A0E3-2BDEAE8350EA}.Debug|x64.Build.0 = Debug|x64
		{3C9D92DC-96FF-49B6-A0E3-2BDEAE8350EA}.Debug|x64.Deploy.0 = Debug|x64
		{3C9D92DC-96FF-49B6-A0E3-2BDEAE8350EA}.Debug|x86.ActiveCfg = Debug|x86
		{3C9D92DC-96FF-49B6-A0E3-2BDEAE8350EA}.Debug|x86.Build.0 = Debug|x86
		{3C9D92DC-96FF-49B6-A0E3-2BDEAE8350EA}.Debug|x86.Deploy.0 = Debug|x86
		{3C9D92DC-96FF-49B6-A0E3-2BDEAE8350EA}.Release|Any CPU.ActiveCfg = Release|x86
		{3C9D92DC-96FF-49B6-A0E3-2BDEAE8350EA}.Release|ARM.ActiveCfg = Release|ARM
		{3C9D92DC-96FF-49B6-A0E3-2BDEAE8350EA}.Release|ARM.Build.0 = Release|ARM
		{3C9D92DC-96FF-49B6-A0E3-2BDEAE8350EA}.Release|ARM.Deploy.0 = Release|ARM
		{3C9D92DC-96FF-49B6-A0E3-2BDEAE8350EA}.Release|iPhone.ActiveCfg = Release|x86
		{3C9D92DC-96FF-49B6-A0E3-2BDEAE8350EA}.Release|iPhoneSimulator.ActiveCfg = Release|x86
		{3C9D92DC-96FF-49B6-A0E3-2BDEAE8350EA}.Release|x64.ActiveCfg = Release|x64
		{3C9D92DC-96FF-49B6-A0E3-2BDEAE8350EA}.Release|x64.Build.0 = Release|x64
		{3C9D92DC-96FF-49B6-A0E3-2BDEAE8350EA}.Release|x64.Deploy.0 = Release|x64
		{3C9D92DC-96FF-49B6-A0E3-2BDEAE8350EA}.Release|x86.ActiveCfg = Release|x86
		{3C9D92DC-96FF-49B6-A0E3-2BDEAE8350EA}.Release|x86.Build.0 = Release|x86
		{3C9D92DC-96FF-49B6-A0E3-2BDEAE8350EA}.Release|x86.Deploy.0 = Release|x86
		{1B022806-AC5B-4913-83A2-89818BAA871E}.Ad-Hoc|Any CPU.ActiveCfg = Release|Any CPU
		{1B022806-AC5B-4913-83A2-89818BAA871E}.Ad-Hoc|Any CPU.Build.0 = Release|Any CPU
		{1B022806-AC5B-4913-83A2-89818BAA871E}.Ad-Hoc|ARM.ActiveCfg = Release|Any CPU
		{1B022806-AC5B-4913-83A2-89818BAA871E}.Ad-Hoc|ARM.Build.0 = Release|Any CPU
		{1B022806-AC5B-4913-83A2-89818BAA871E}.Ad-Hoc|iPhone.ActiveCfg = Release|Any CPU
		{1B022806-AC5B-4913-83A2-89818BAA871E}.Ad-Hoc|iPhone.Build.0 = Release|Any CPU
		{1B022806-AC5B-4913-83A2-89818BAA871E}.Ad-Hoc|iPhoneSimulator.ActiveCfg = Release|Any CPU
		{1B022806-AC5B-4913-83A2-89818BAA871E}.Ad-Hoc|iPhoneSimulator.Build.0 = Release|Any CPU
		{1B022806-AC5B-4913-83A2-89818BAA871E}.Ad-Hoc|x64.ActiveCfg = Release|Any CPU
		{1B022806-AC5B-4913-83A2-89818BAA871E}.Ad-Hoc|x64.Build.0 = Release|Any CPU
		{1B022806-AC5B-4913-83A2-89818BAA871E}.Ad-Hoc|x86.ActiveCfg = Release|Any CPU
		{1B022806-AC5B-4913-83A2-89818BAA871E}.Ad-Hoc|x86.Build.0 = Release|Any CPU
		{1B022806-AC5B-4913-83A2-89818BAA871E}.AppStore|Any CPU.ActiveCfg = Release|Any CPU
		{1B022806-AC5B-4913-83A2-89818BAA871E}.AppStore|Any CPU.Build.0 = Release|Any CPU
		{1B022806-AC5B-4913-83A2-89818BAA871E}.AppStore|ARM.ActiveCfg = Release|Any CPU
		{1B022806-AC5B-4913-83A2-89818BAA871E}.AppStore|ARM.Build.0 = Release|Any CPU
		{1B022806-AC5B-4913-83A2-89818BAA871E}.AppStore|iPhone.ActiveCfg = Release|Any CPU
		{1B022806-AC5B-4913-83A2-89818BAA871E}.AppStore|iPhone.Build.0 = Release|Any CPU
		{1B022806-AC5B-4913-83A2-89818BAA871E}.AppStore|iPhoneSimulator.ActiveCfg = Release|Any CPU
		{1B022806-AC5B-4913-83A2-89818BAA871E}.AppStore|iPhoneSimulator.Build.0 = Release|Any CPU
		{1B022806-AC5B-4913-83A2-89818BAA871E}.AppStore|x64.ActiveCfg = Release|Any CPU
		{1B022806-AC5B-4913-83A2-89818BAA871E}.AppStore|x64.Build.0 = Release|Any CPU
		{1B022806-AC5B-4913-83A2-89818BAA871E}.AppStore|x86.ActiveCfg = Release|Any CPU
		{1B022806-AC5B-4913-83A2-89818BAA871E}.AppStore|x86.Build.0 = Release|Any CPU
		{1B022806-AC5B-4913-83A2-89818BAA871E}.Debug|Any CPU.ActiveCfg = Debug|Any CPU
		{1B022806-AC5B-4913-83A2-89818BAA871E}.Debug|Any CPU.Build.0 = Debug|Any CPU
		{1B022806-AC5B-4913-83A2-89818BAA871E}.Debug|ARM.ActiveCfg = Debug|Any CPU
		{1B022806-AC5B-4913-83A2-89818BAA871E}.Debug|ARM.Build.0 = Debug|Any CPU
		{1B022806-AC5B-4913-83A2-89818BAA871E}.Debug|iPhone.ActiveCfg = Debug|Any CPU
		{1B022806-AC5B-4913-83A2-89818BAA871E}.Debug|iPhone.Build.0 = Debug|Any CPU
		{1B022806-AC5B-4913-83A2-89818BAA871E}.Debug|iPhoneSimulator.ActiveCfg = Debug|Any CPU
		{1B022806-AC5B-4913-83A2-89818BAA871E}.Debug|iPhoneSimulator.Build.0 = Debug|Any CPU
		{1B022806-AC5B-4913-83A2-89818BAA871E}.Debug|x64.ActiveCfg = Debug|Any CPU
		{1B022806-AC5B-4913-83A2-89818BAA871E}.Debug|x64.Build.0 = Debug|Any CPU
		{1B022806-AC5B-4913-83A2-89818BAA871E}.Debug|x86.ActiveCfg = Debug|Any CPU
		{1B022806-AC5B-4913-83A2-89818BAA871E}.Debug|x86.Build.0 = Debug|Any CPU
		{1B022806-AC5B-4913-83A2-89818BAA871E}.Release|Any CPU.ActiveCfg = Release|Any CPU
		{1B022806-AC5B-4913-83A2-89818BAA871E}.Release|Any CPU.Build.0 = Release|Any CPU
		{1B022806-AC5B-4913-83A2-89818BAA871E}.Release|ARM.ActiveCfg = Release|Any CPU
		{1B022806-AC5B-4913-83A2-89818BAA871E}.Release|ARM.Build.0 = Release|Any CPU
		{1B022806-AC5B-4913-83A2-89818BAA871E}.Release|iPhone.ActiveCfg = Release|Any CPU
		{1B022806-AC5B-4913-83A2-89818BAA871E}.Release|iPhone.Build.0 = Release|Any CPU
		{1B022806-AC5B-4913-83A2-89818BAA871E}.Release|iPhoneSimulator.ActiveCfg = Release|Any CPU
		{1B022806-AC5B-4913-83A2-89818BAA871E}.Release|iPhoneSimulator.Build.0 = Release|Any CPU
		{1B022806-AC5B-4913-83A2-89818BAA871E}.Release|x64.ActiveCfg = Release|Any CPU
		{1B022806-AC5B-4913-83A2-89818BAA871E}.Release|x64.Build.0 = Release|Any CPU
		{1B022806-AC5B-4913-83A2-89818BAA871E}.Release|x86.ActiveCfg = Release|Any CPU
		{1B022806-AC5B-4913-83A2-89818BAA871E}.Release|x86.Build.0 = Release|Any CPU
	EndGlobalSection
	GlobalSection(SolutionProperties) = preSolution
		HideSolutionNode = FALSE
	EndGlobalSection
	GlobalSection(ExtensibilityGlobals) = postSolution
		SolutionGuid = {3A7B9A4F-8459-45A4-A69C-AB155A357679}
	EndGlobalSection
EndGlobal
